<?xml version="1.0" encoding="UTF-8" standalone="yes" ?>
<CodeBlocks_project_file>
	<FileVersion major="1" minor="6" />
	<Project>
		<Option title="Trabalho" />
		<Option pch_mode="2" />
		<Option compiler="gcc" />
		<Build>
			<Target title="Debug">
				<Option output="bin/Debug/Trabalho" prefix_auto="1" extension_auto="1" />
				<Option object_output="obj/Debug/" />
				<Option type="1" />
				<Option compiler="gcc" />
				<Compiler>
					<Add option="-std=c++20" />
					<Add option="-g" />
				</Compiler>
			</Target>
			<Target title="Release">
				<Option output="bin/Release/Trabalho" prefix_auto="1" extension_auto="1" />
				<Option object_output="obj/Release/" />
				<Option type="1" />
				<Option compiler="gcc" />
				<Compiler>
					<Add option="-O2" />
				</Compiler>
				<Linker>
					<Add option="-s" />
				</Linker>
			</Target>
		</Build>
		<Compiler>
			<Add option="-Wall" />
			<Add option="-fexceptions" />
			<Add directory="Code" />
		</Compiler>
		<Unit filename="Code/Containers/Headers/containers.hpp" />
		<Unit filename="Code/Controladoras/Headers/caa.hpp" />
		<Unit filename="Code/Controladoras/Headers/cac.hpp" />
		<Unit filename="Code/Controladoras/Headers/cagh.hpp" />
		<Unit filename="Code/Controladoras/Headers/cagp.hpp" />
		<Unit filename="Code/Controladoras/Headers/cai.hpp" />
		<Unit filename="Code/Controladoras/caa.cpp" />
		<Unit filename="Code/Controladoras/cac.cpp" />
		<Unit filename="Code/Controladoras/cagh.cpp" />
		<Unit filename="Code/Controladoras/cagp.cpp" />
		<Unit filename="Code/Controladoras/cai.cpp" />
		<Unit filename="Code/Domains/Headers/dominio_base.hpp" />
		<Unit filename="Code/Domains/Headers/outros_dominios.hpp" />
		<Unit filename="Code/Domains/dominios.cpp" />
		<Unit filename="Code/Entities/Headers/entidades.hpp" />
		<Unit filename="Code/Entities/entidades.cpp" />
		<Unit filename="Code/Interfaces/Headers/interfaces_apresentacao.hpp" />
		<Unit filename="Code/Interfaces/Headers/interfaces_servico.hpp" />
		<Unit filename="Code/Stubs/servico.hpp" />
		<Unit filename="Code/main.cpp" />
		<Extensions>
			<DoxyBlocks>
				<comment_style block="0" line="0" />
				<doxyfile_project output_directory="Docs" />
				<doxyfile_build />
				<doxyfile_warnings />
				<doxyfile_output />
				<doxyfile_dot />
				<general />
			</DoxyBlocks>
		</Extensions>
	</Project>
</CodeBlocks_project_file>
